# THIS IS AN AUTOGENERATED FILE. DO NOT EDIT THIS FILE DIRECTLY.
# yarn lockfile v1


"@ant-design/colors@^3.1.0":
  version "3.2.2"
  resolved "https://registry.npm.taobao.org/@ant-design/colors/download/@ant-design/colors-3.2.2.tgz#5ad43d619e911f3488ebac303d606e66a8423903"
  integrity sha1-WtQ9YZ6RHzSI66wwPWBuZqhCOQM=
  dependencies:
    tinycolor2 "^1.4.1"

"@ant-design/icons-svg@^4.0.0":
  version "4.0.0"
  resolved "https://registry.npm.taobao.org/@ant-design/icons-svg/download/@ant-design/icons-svg-4.0.0.tgz#6683db0df97c0c6900bb28a280faf391522ec734"
  integrity sha1-ZoPbDfl8DGkAuyiigPrzkVIuxzQ=

"@ant-design/icons@^4.0.0":
  version "4.0.2"
  resolved "https://registry.npm.taobao.org/@ant-design/icons/download/@ant-design/icons-4.0.2.tgz?cache=0&other_urls=https%3A%2F%2Fregistry.npm.taobao.org%2F%40ant-design%2Ficons%2Fdownload%2F%40ant-design%2Ficons-4.0.2.tgz#6fce64b3e207d99d1e258ff527674e22b9b2afc0"
  integrity sha1-b85ks+IH2Z0eJY/1J2dOIrmyr8A=
  dependencies:
    "@ant-design/colors" "^3.1.0"
    "@ant-design/icons-svg" "^4.0.0"
    classnames "^2.2.6"
    insert-css "^2.0.0"
    rc-util "^4.9.0"

"@ant-design/react-slick@~0.25.5":
  version "0.25.5"
  resolved "https://registry.npm.taobao.org/@ant-design/react-slick/download/@ant-design/react-slick-0.25.5.tgz#18f40abaa22c15dc26da9c473d24da38d4d8f334"
  integrity sha1-GPQKuqIsFdwm2pxHPSTaONTY8zQ=
  dependencies:
    classnames "^2.2.5"
    json2mq "^0.2.0"
    lodash "^4.17.15"
    resize-observer-polyfill "^1.5.0"

"@babel/runtime@^7.8.4":
  version "7.8.7"
  resolved "https://registry.npm.taobao.org/@babel/runtime/download/@babel/runtime-7.8.7.tgz#8fefce9802db54881ba59f90bb28719b4996324d"
  integrity sha1-j+/OmALbVIgbpZ+Quyhxm0mWMk0=
  dependencies:
    regenerator-runtime "^0.13.4"

add-dom-event-listener@^1.1.0:
  version "1.1.0"
  resolved "https://registry.npm.taobao.org/add-dom-event-listener/download/add-dom-event-listener-1.1.0.tgz#6a92db3a0dd0abc254e095c0f1dc14acbbaae310"
  integrity sha1-apLbOg3Qq8JU4JXA8dwUrLuq4xA=
  dependencies:
    object-assign "4.x"

ajv@^6.5.5:
  version "6.12.0"
  resolved "https://registry.npm.taobao.org/ajv/download/ajv-6.12.0.tgz?cache=0&sync_timestamp=1582379551272&other_urls=https%3A%2F%2Fregistry.npm.taobao.org%2Fajv%2Fdownload%2Fajv-6.12.0.tgz#06d60b96d87b8454a5adaba86e7854da629db4b7"
  integrity sha1-BtYLlth7hFSlrauobnhU2mKdtLc=
  dependencies:
    fast-deep-equal "^3.1.1"
    fast-json-stable-stringify "^2.0.0"
    json-schema-traverse "^0.4.1"
    uri-js "^4.2.2"

antd@^4.0.1:
  version "4.0.1"
  resolved "https://registry.npm.taobao.org/antd/download/antd-4.0.1.tgz?cache=0&sync_timestamp=1583571105642&other_urls=https%3A%2F%2Fregistry.npm.taobao.org%2Fantd%2Fdownload%2Fantd-4.0.1.tgz#506365bb6f697237dddf675c78c0a41375bd314e"
  integrity sha1-UGNlu29pcjfd32dceMCkE3W9MU4=
  dependencies:
    "@ant-design/icons" "^4.0.0"
    "@ant-design/react-slick" "~0.25.5"
    array-tree-filter "^2.1.0"
    classnames "~2.2.6"
    copy-to-clipboard "^3.2.0"
    css-animation "^1.5.0"
    lodash "^4.17.13"
    moment "^2.24.0"
    omit.js "^1.0.2"
    prop-types "^15.7.2"
    raf "^3.4.1"
    rc-animate "~2.10.2"
    rc-cascader "~1.0.0"
    rc-checkbox "~2.1.6"
    rc-collapse "~1.11.3"
    rc-dialog "~7.6.0"
    rc-drawer "~3.1.1"
    rc-dropdown "~3.0.0"
    rc-field-form "~1.0.0"
    rc-input-number "~4.5.4"
    rc-mentions "~1.0.0"
    rc-menu "~8.0.1"
    rc-notification "~4.0.0"
    rc-pagination "~2.0.1"
    rc-picker "~1.1.0"
    rc-progress "~2.5.0"
    rc-rate "~2.5.1"
    rc-resize-observer "^0.1.0"
    rc-select "~10.0.0"
    rc-slider "~9.2.1"
    rc-steps "~3.5.0"
    rc-switch "~1.9.0"
    rc-table "~7.1.0"
    rc-tabs "~10.0.0"
    rc-tooltip "~4.0.0"
    rc-tree "~3.0.0"
    rc-tree-select "~3.0.0"
    rc-trigger "~4.0.0"
    rc-upload "~3.0.0"
    rc-util "^4.20.0"
    rc-virtual-list "~1.0.0"
    resize-observer-polyfill "^1.5.1"
    scroll-into-view-if-needed "^2.2.20"
    warning "~4.0.3"

array-tree-filter@^2.1.0:
  version "2.1.0"
  resolved "https://registry.npm.taobao.org/array-tree-filter/download/array-tree-filter-2.1.0.tgz#873ac00fec83749f255ac8dd083814b4f6329190"
  integrity sha1-hzrAD+yDdJ8lWsjdCDgUtPYykZA=

asn1@~0.2.3:
  version "0.2.4"
  resolved "https://registry.npm.taobao.org/asn1/download/asn1-0.2.4.tgz#8d2475dfab553bb33e77b54e59e880bb8ce23136"
  integrity sha1-jSR136tVO7M+d7VOWeiAu4ziMTY=
  dependencies:
    safer-buffer "~2.1.0"

assert-plus@1.0.0, assert-plus@^1.0.0:
  version "1.0.0"
  resolved "https://registry.npm.taobao.org/assert-plus/download/assert-plus-1.0.0.tgz#f12e0f3c5d77b0b1cdd9146942e4e96c1e4dd525"
  integrity sha1-8S4PPF13sLHN2RRpQuTpbB5N1SU=

async-validator@^3.0.3:
  version "3.2.3"
  resolved "https://registry.npm.taobao.org/async-validator/download/async-validator-3.2.3.tgz?cache=0&sync_timestamp=1575620599372&other_urls=https%3A%2F%2Fregistry.npm.taobao.org%2Fasync-validator%2Fdownload%2Fasync-validator-3.2.3.tgz#b38b72f9c08c1d28548df13bb260b6908448ca49"
  integrity sha1-s4ty+cCMHShUjfE7smC2kIRIykk=

asynckit@^0.4.0:
  version "0.4.0"
  resolved "https://registry.npm.taobao.org/asynckit/download/asynckit-0.4.0.tgz#c79ed97f7f34cb8f2ba1bc9790bcc366474b4b79"
  integrity sha1-x57Zf380y48robyXkLzDZkdLS3k=

aws-sign2@~0.7.0:
  version "0.7.0"
  resolved "https://registry.npm.taobao.org/aws-sign2/download/aws-sign2-0.7.0.tgz#b46e890934a9591f2d2f6f86d7e6a9f1b3fe76a8"
  integrity sha1-tG6JCTSpWR8tL2+G1+ap8bP+dqg=

aws4@^1.8.0:
  version "1.9.1"
  resolved "https://registry.npm.taobao.org/aws4/download/aws4-1.9.1.tgz#7e33d8f7d449b3f673cd72deb9abdc552dbe528e"
  integrity sha1-fjPY99RJs/ZzzXLeuavcVS2+Uo4=

babel-runtime@6.x, babel-runtime@^6.23.0, babel-runtime@^6.26.0:
  version "6.26.0"
  resolved "https://registry.npm.taobao.org/babel-runtime/download/babel-runtime-6.26.0.tgz#965c7058668e82b55d7bfe04ff2337bc8b5647fe"
  integrity sha1-llxwWGaOgrVde/4E/yM3vItWR/4=
  dependencies:
    core-js "^2.4.0"
    regenerator-runtime "^0.11.0"

bcrypt-pbkdf@^1.0.0:
  version "1.0.2"
  resolved "https://registry.npm.taobao.org/bcrypt-pbkdf/download/bcrypt-pbkdf-1.0.2.tgz#a4301d389b6a43f9b67ff3ca11a3f6637e360e9e"
  integrity sha1-pDAdOJtqQ/m2f/PKEaP2Y342Dp4=
  dependencies:
    tweetnacl "^0.14.3"

caseless@~0.12.0:
  version "0.12.0"
  resolved "https://registry.npm.taobao.org/caseless/download/caseless-0.12.0.tgz#1b681c21ff84033c826543090689420d187151dc"
  integrity sha1-G2gcIf+EAzyCZUMJBolCDRhxUdw=

classnames@2.x, classnames@^2.2.0, classnames@^2.2.1, classnames@^2.2.3, classnames@^2.2.5, classnames@^2.2.6, classnames@~2.2.6:
  version "2.2.6"
  resolved "https://registry.npm.taobao.org/classnames/download/classnames-2.2.6.tgz#43935bffdd291f326dad0a205309b38d00f650ce"
  integrity sha1-Q5Nb/90pHzJtrQogUwmzjQD2UM4=

colorthief@^2.3.0:
  version "2.3.0"
  resolved "https://registry.npm.taobao.org/colorthief/download/colorthief-2.3.0.tgz#f1ba6322ff2434f684d248b17a291419a9f78cd5"
  integrity sha1-8bpjIv8kNPaE0kixeikUGan3jNU=
  dependencies:
    get-pixels "^3.3.2"
    quantize "github:lokesh/quantize"

combined-stream@^1.0.6, combined-stream@~1.0.6:
  version "1.0.8"
  resolved "https://registry.npm.taobao.org/combined-stream/download/combined-stream-1.0.8.tgz#c3d45a8b34fd730631a110a8a2520682b31d5a7f"
  integrity sha1-w9RaizT9cwYxoRCoolIGgrMdWn8=
  dependencies:
    delayed-stream "~1.0.0"

component-classes@^1.2.5, component-classes@^1.2.6:
  version "1.2.6"
  resolved "https://registry.npm.taobao.org/component-classes/download/component-classes-1.2.6.tgz#c642394c3618a4d8b0b8919efccbbd930e5cd691"
  integrity sha1-xkI5TDYYpNiwuJGe/Mu9kw5c1pE=
  dependencies:
    component-indexof "0.0.3"

component-indexof@0.0.3:
  version "0.0.3"
  resolved "https://registry.npm.taobao.org/component-indexof/download/component-indexof-0.0.3.tgz#11d091312239eb8f32c8f25ae9cb002ffe8d3c24"
  integrity sha1-EdCRMSI5648yyPJa6csAL/6NPCQ=

compute-scroll-into-view@^1.0.13:
  version "1.0.13"
  resolved "https://registry.npm.taobao.org/compute-scroll-into-view/download/compute-scroll-into-view-1.0.13.tgz#be1b1663b0e3f56cd5f7713082549f562a3477e2"
  integrity sha1-vhsWY7Dj9WzV93EwglSfVio0d+I=

copy-to-clipboard@^3.2.0:
  version "3.3.1"
  resolved "https://registry.npm.taobao.org/copy-to-clipboard/download/copy-to-clipboard-3.3.1.tgz#115aa1a9998ffab6196f93076ad6da3b913662ae"
  integrity sha1-EVqhqZmP+rYZb5MHatbaO5E2Yq4=
  dependencies:
    toggle-selection "^1.0.6"

core-js@^2.4.0:
  version "2.6.11"
  resolved "https://registry.npm.taobao.org/core-js/download/core-js-2.6.11.tgz?cache=0&sync_timestamp=1578957195899&other_urls=https%3A%2F%2Fregistry.npm.taobao.org%2Fcore-js%2Fdownload%2Fcore-js-2.6.11.tgz#38831469f9922bded8ee21c9dc46985e0399308c"
  integrity sha1-OIMUafmSK97Y7iHJ3EaYXgOZMIw=

core-util-is@1.0.2:
  version "1.0.2"
  resolved "https://registry.npm.taobao.org/core-util-is/download/core-util-is-1.0.2.tgz#b5fd54220aa2bc5ab57aab7140c940754503c1a7"
  integrity sha1-tf1UIgqivFq1eqtxQMlAdUUDwac=

css-animation@1.x, css-animation@^1.3.2, css-animation@^1.5.0:
  version "1.6.1"
  resolved "https://registry.npm.taobao.org/css-animation/download/css-animation-1.6.1.tgz?cache=0&sync_timestamp=1566456477727&other_urls=https%3A%2F%2Fregistry.npm.taobao.org%2Fcss-animation%2Fdownload%2Fcss-animation-1.6.1.tgz#162064a3b0d51f958b7ff37b3d6d4de18e17039e"
  integrity sha1-FiBko7DVH5WLf/N7PW1N4Y4XA54=
  dependencies:
    babel-runtime "6.x"
    component-classes "^1.2.5"

cwise-compiler@^1.1.2:
  version "1.1.3"
  resolved "https://registry.npm.taobao.org/cwise-compiler/download/cwise-compiler-1.1.3.tgz#f4d667410e850d3a313a7d2db7b1e505bb034cc5"
  integrity sha1-9NZnQQ6FDToxOn0tt7HlBbsDTMU=
  dependencies:
    uniq "^1.0.0"

dashdash@^1.12.0:
  version "1.14.1"
  resolved "https://registry.npm.taobao.org/dashdash/download/dashdash-1.14.1.tgz#853cfa0f7cbe2fed5de20326b8dd581035f6e2f0"
  integrity sha1-hTz6D3y+L+1d4gMmuN1YEDX24vA=
  dependencies:
    assert-plus "^1.0.0"

data-uri-to-buffer@0.0.3:
  version "0.0.3"
  resolved "https://registry.npm.taobao.org/data-uri-to-buffer/download/data-uri-to-buffer-0.0.3.tgz#18ae979a6a0ca994b0625853916d2662bbae0b1a"
  integrity sha1-GK6XmmoMqZSwYlhTkW0mYruuCxo=

delayed-stream@~1.0.0:
  version "1.0.0"
  resolved "https://registry.npm.taobao.org/delayed-stream/download/delayed-stream-1.0.0.tgz#df3ae199acadfb7d440aaae0b29e2272b24ec619"
  integrity sha1-3zrhmayt+31ECqrgsp4icrJOxhk=

dom-align@^1.7.0:
  version "1.10.4"
  resolved "https://registry.npm.taobao.org/dom-align/download/dom-align-1.10.4.tgz#862ae4de0d11d6495c1c8ee1b195427e7caa727d"
  integrity sha1-hirk3g0R1klcHI7hsZVCfnyqcn0=

ecc-jsbn@~0.1.1:
  version "0.1.2"
  resolved "https://registry.npm.taobao.org/ecc-jsbn/download/ecc-jsbn-0.1.2.tgz#3a83a904e54353287874c564b7549386849a98c9"
  integrity sha1-OoOpBOVDUyh4dMVkt1SThoSamMk=
  dependencies:
    jsbn "~0.1.0"
    safer-buffer "^2.1.0"

extend@~3.0.2:
  version "3.0.2"
  resolved "https://registry.npm.taobao.org/extend/download/extend-3.0.2.tgz#f8b1136b4071fbd8eb140aff858b1019ec2915fa"
  integrity sha1-+LETa0Bx+9jrFAr/hYsQGewpFfo=

extsprintf@1.3.0:
  version "1.3.0"
  resolved "https://registry.npm.taobao.org/extsprintf/download/extsprintf-1.3.0.tgz#96918440e3041a7a414f8c52e3c574eb3c3e1e05"
  integrity sha1-lpGEQOMEGnpBT4xS48V06zw+HgU=

extsprintf@^1.2.0:
  version "1.4.0"
  resolved "https://registry.npm.taobao.org/extsprintf/download/extsprintf-1.4.0.tgz#e2689f8f356fad62cca65a3a91c5df5f9551692f"
  integrity sha1-4mifjzVvrWLMplo6kcXfX5VRaS8=

fast-deep-equal@^3.1.1:
  version "3.1.1"
  resolved "https://registry.npm.taobao.org/fast-deep-equal/download/fast-deep-equal-3.1.1.tgz#545145077c501491e33b15ec408c294376e94ae4"
  integrity sha1-VFFFB3xQFJHjOxXsQIwpQ3bpSuQ=

fast-json-stable-stringify@^2.0.0:
  version "2.1.0"
  resolved "https://registry.npm.taobao.org/fast-json-stable-stringify/download/fast-json-stable-stringify-2.1.0.tgz#874bf69c6f404c2b5d99c481341399fd55892633"
  integrity sha1-h0v2nG9ATCtdmcSBNBOZ/VWJJjM=

forever-agent@~0.6.1:
  version "0.6.1"
  resolved "https://registry.npm.taobao.org/forever-agent/download/forever-agent-0.6.1.tgz#fbc71f0c41adeb37f96c577ad1ed42d8fdacca91"
  integrity sha1-+8cfDEGt6zf5bFd60e1C2P2sypE=

form-data@~2.3.2:
  version "2.3.3"
  resolved "https://registry.npm.taobao.org/form-data/download/form-data-2.3.3.tgz#dcce52c05f644f298c6a7ab936bd724ceffbf3a6"
  integrity sha1-3M5SwF9kTymManq5Nr1yTO/786Y=
  dependencies:
    asynckit "^0.4.0"
    combined-stream "^1.0.6"
    mime-types "^2.1.12"

fs@^0.0.1-security:
  version "0.0.1-security"
  resolved "https://registry.npm.taobao.org/fs/download/fs-0.0.1-security.tgz#8a7bd37186b6dddf3813f23858b57ecaaf5e41d4"
  integrity sha1-invTcYa23d84E/I4WLV+yq9eQdQ=

get-pixels@^3.3.2:
  version "3.3.2"
  resolved "https://registry.npm.taobao.org/get-pixels/download/get-pixels-3.3.2.tgz#3f62fb8811932c69f262bba07cba72b692b4ff03"
  integrity sha1-P2L7iBGTLGnyYrugfLpytpK0/wM=
  dependencies:
    data-uri-to-buffer "0.0.3"
    jpeg-js "^0.3.2"
    mime-types "^2.0.1"
    ndarray "^1.0.13"
    ndarray-pack "^1.1.1"
    node-bitmap "0.0.1"
    omggif "^1.0.5"
    parse-data-uri "^0.2.0"
    pngjs "^3.3.3"
    request "^2.44.0"
    through "^2.3.4"

getpass@^0.1.1:
  version "0.1.7"
  resolved "https://registry.npm.taobao.org/getpass/download/getpass-0.1.7.tgz#5eff8e3e684d569ae4cb2b1282604e8ba62149fa"
  integrity sha1-Xv+OPmhNVprkyysSgmBOi6YhSfo=
  dependencies:
    assert-plus "^1.0.0"

hammerjs@^2.0.8:
  version "2.0.8"
  resolved "https://registry.npm.taobao.org/hammerjs/download/hammerjs-2.0.8.tgz#04ef77862cff2bb79d30f7692095930222bf60f1"
  integrity sha1-BO93hiz/K7edMPdpIJWTAiK/YPE=

har-schema@^2.0.0:
  version "2.0.0"
  resolved "https://registry.npm.taobao.org/har-schema/download/har-schema-2.0.0.tgz#a94c2224ebcac04782a0d9035521f24735b7ec92"
  integrity sha1-qUwiJOvKwEeCoNkDVSHyRzW37JI=

har-validator@~5.1.3:
  version "5.1.3"
  resolved "https://registry.npm.taobao.org/har-validator/download/har-validator-5.1.3.tgz#1ef89ebd3e4996557675eed9893110dc350fa080"
  integrity sha1-HvievT5JllV2de7ZiTEQ3DUPoIA=
  dependencies:
    ajv "^6.5.5"
    har-schema "^2.0.0"

hoist-non-react-statics@^2.3.1:
  version "2.5.5"
  resolved "https://registry.npm.taobao.org/hoist-non-react-statics/download/hoist-non-react-statics-2.5.5.tgz#c5903cf409c0dfd908f388e619d86b9c1174cb47"
  integrity sha1-xZA89AnA39kI84jmGdhrnBF0y0c=

http-signature@~1.2.0:
  version "1.2.0"
  resolved "https://registry.npm.taobao.org/http-signature/download/http-signature-1.2.0.tgz?cache=0&sync_timestamp=1582587749558&other_urls=https%3A%2F%2Fregistry.npm.taobao.org%2Fhttp-signature%2Fdownload%2Fhttp-signature-1.2.0.tgz#9aecd925114772f3d95b65a60abb8f7c18fbace1"
  integrity sha1-muzZJRFHcvPZW2WmCruPfBj7rOE=
  dependencies:
    assert-plus "^1.0.0"
    jsprim "^1.2.2"
    sshpk "^1.7.0"

insert-css@^2.0.0:
  version "2.0.0"
  resolved "https://registry.npm.taobao.org/insert-css/download/insert-css-2.0.0.tgz#eb5d1097b7542f4c79ea3060d3aee07d053880f4"
  integrity sha1-610Ql7dUL0x56jBg067gfQU4gPQ=

iota-array@^1.0.0:
  version "1.0.0"
  resolved "https://registry.npm.taobao.org/iota-array/download/iota-array-1.0.0.tgz#81ef57fe5d05814cd58c2483632a99c30a0e8087"
  integrity sha1-ge9X/l0FgUzVjCSDYyqZwwoOgIc=

is-buffer@^1.0.2:
  version "1.1.6"
  resolved "https://registry.npm.taobao.org/is-buffer/download/is-buffer-1.1.6.tgz#efaa2ea9daa0d7ab2ea13a97b2b8ad51fefbe8be"
  integrity sha1-76ouqdqg16suoTqXsritUf776L4=

is-typedarray@~1.0.0:
  version "1.0.0"
  resolved "https://registry.npm.taobao.org/is-typedarray/download/is-typedarray-1.0.0.tgz#e479c80858df0c1b11ddda6940f96011fcda4a9a"
  integrity sha1-5HnICFjfDBsR3dppQPlgEfzaSpo=

isstream@~0.1.2:
  version "0.1.2"
  resolved "https://registry.npm.taobao.org/isstream/download/isstream-0.1.2.tgz#47e63f7af55afa6f92e1500e690eb8b8529c099a"
  integrity sha1-R+Y/evVa+m+S4VAOaQ64uFKcCZo=

jpeg-js@^0.3.2:
  version "0.3.7"
  resolved "https://registry.npm.taobao.org/jpeg-js/download/jpeg-js-0.3.7.tgz#471a89d06011640592d314158608690172b1028d"
  integrity sha1-RxqJ0GARZAWS0xQVhghpAXKxAo0=

"js-tokens@^3.0.0 || ^4.0.0":
  version "4.0.0"
  resolved "https://registry.npm.taobao.org/js-tokens/download/js-tokens-4.0.0.tgz#19203fb59991df98e3a287050d4647cdeaf32499"
  integrity sha1-GSA/tZmR35jjoocFDUZHzerzJJk=

jsbn@~0.1.0:
  version "0.1.1"
  resolved "https://registry.npm.taobao.org/jsbn/download/jsbn-0.1.1.tgz#a5e654c2e5a2deb5f201d96cefbca80c0ef2f513"
  integrity sha1-peZUwuWi3rXyAdls77yoDA7y9RM=

json-schema-traverse@^0.4.1:
  version "0.4.1"
  resolved "https://registry.npm.taobao.org/json-schema-traverse/download/json-schema-traverse-0.4.1.tgz#69f6a87d9513ab8bb8fe63bdb0979c448e684660"
  integrity sha1-afaofZUTq4u4/mO9sJecRI5oRmA=

json-schema@0.2.3:
  version "0.2.3"
  resolved "https://registry.npm.taobao.org/json-schema/download/json-schema-0.2.3.tgz#b480c892e59a2f05954ce727bd3f2a4e882f9e13"
  integrity sha1-tIDIkuWaLwWVTOcnvT8qTogvnhM=

json-stringify-safe@~5.0.1:
  version "5.0.1"
  resolved "https://registry.npm.taobao.org/json-stringify-safe/download/json-stringify-safe-5.0.1.tgz#1296a2d58fd45f19a0f6ce01d65701e2c735b6eb"
  integrity sha1-Epai1Y/UXxmg9s4B1lcB4sc1tus=

json2mq@^0.2.0:
  version "0.2.0"
  resolved "https://registry.npm.taobao.org/json2mq/download/json2mq-0.2.0.tgz#b637bd3ba9eabe122c83e9720483aeb10d2c904a"
  integrity sha1-tje9O6nqvhIsg+lyBIOusQ0skEo=
  dependencies:
    string-convert "^0.2.0"

jsprim@^1.2.2:
  version "1.4.1"
  resolved "https://registry.npm.taobao.org/jsprim/download/jsprim-1.4.1.tgz#313e66bc1e5cc06e438bc1b7499c2e5c56acb6a2"
  integrity sha1-MT5mvB5cwG5Di8G3SZwuXFastqI=
  dependencies:
    assert-plus "1.0.0"
    extsprintf "1.3.0"
    json-schema "0.2.3"
    verror "1.10.0"

lodash@^4.17.13, lodash@^4.17.15, lodash@^4.17.5:
  version "4.17.15"
  resolved "https://registry.npm.taobao.org/lodash/download/lodash-4.17.15.tgz#b447f6670a0455bbfeedd11392eff330ea097548"
  integrity sha1-tEf2ZwoEVbv+7dETku/zMOoJdUg=

loose-envify@^1.0.0, loose-envify@^1.4.0:
  version "1.4.0"
  resolved "https://registry.npm.taobao.org/loose-envify/download/loose-envify-1.4.0.tgz#71ee51fa7be4caec1a63839f7e682d8132d30caf"
  integrity sha1-ce5R+nvkyuwaY4OffmgtgTLTDK8=
  dependencies:
    js-tokens "^3.0.0 || ^4.0.0"

mime-db@1.43.0:
  version "1.43.0"
  resolved "https://registry.npm.taobao.org/mime-db/download/mime-db-1.43.0.tgz#0a12e0502650e473d735535050e7c8f4eb4fae58"
  integrity sha1-ChLgUCZQ5HPXNVNQUOfI9OtPrlg=

mime-types@^2.0.1, mime-types@^2.1.12, mime-types@~2.1.19:
  version "2.1.26"
  resolved "https://registry.npm.taobao.org/mime-types/download/mime-types-2.1.26.tgz#9c921fc09b7e149a65dfdc0da4d20997200b0a06"
  integrity sha1-nJIfwJt+FJpl39wNpNIJlyALCgY=
  dependencies:
    mime-db "1.43.0"

mini-store@^2.0.0:
  version "2.0.0"
  resolved "https://registry.npm.taobao.org/mini-store/download/mini-store-2.0.0.tgz#0843c048d6942ce55e3e78b1b67fc063022b5488"
  integrity sha1-CEPASNaULOVePnixtn/AYwIrVIg=
  dependencies:
    hoist-non-react-statics "^2.3.1"
    prop-types "^15.6.0"
    react-lifecycles-compat "^3.0.4"
    shallowequal "^1.0.2"

moment@^2.24.0:
  version "2.24.0"
  resolved "https://registry.npm.taobao.org/moment/download/moment-2.24.0.tgz?cache=0&other_urls=https%3A%2F%2Fregistry.npm.taobao.org%2Fmoment%2Fdownload%2Fmoment-2.24.0.tgz#0d055d53f5052aa653c9f6eb68bb5d12bf5c2b5b"
  integrity sha1-DQVdU/UFKqZTyfbraLtdEr9cK1s=

ndarray-pack@^1.1.1:
  version "1.2.1"
  resolved "https://registry.npm.taobao.org/ndarray-pack/download/ndarray-pack-1.2.1.tgz#8caebeaaa24d5ecf70ff86020637977da8ee585a"
  integrity sha1-jK6+qqJNXs9w/4YCBjeXfajuWFo=
  dependencies:
    cwise-compiler "^1.1.2"
    ndarray "^1.0.13"

ndarray@^1.0.13:
  version "1.0.19"
  resolved "https://registry.npm.taobao.org/ndarray/download/ndarray-1.0.19.tgz#6785b5f5dfa58b83e31ae5b2a058cfd1ab3f694e"
  integrity sha1-Z4W19d+li4PjGuWyoFjP0as/aU4=
  dependencies:
    iota-array "^1.0.0"
    is-buffer "^1.0.2"

node-bitmap@0.0.1:
  version "0.0.1"
  resolved "https://registry.npm.taobao.org/node-bitmap/download/node-bitmap-0.0.1.tgz#180eac7003e0c707618ef31368f62f84b2a69091"
  integrity sha1-GA6scAPgxwdhjvMTaPYvhLKmkJE=

oauth-sign@~0.9.0:
  version "0.9.0"
  resolved "https://registry.npm.taobao.org/oauth-sign/download/oauth-sign-0.9.0.tgz#47a7b016baa68b5fa0ecf3dee08a85c679ac6455"
  integrity sha1-R6ewFrqmi1+g7PPe4IqFxnmsZFU=

object-assign@4.x, object-assign@^4.1.1:
  version "4.1.1"
  resolved "https://registry.npm.taobao.org/object-assign/download/object-assign-4.1.1.tgz#2109adc7965887cfc05cbbd442cac8bfbb360863"
  integrity sha1-IQmtx5ZYh8/AXLvUQsrIv7s2CGM=

omggif@^1.0.5:
  version "1.0.10"
  resolved "https://registry.npm.taobao.org/omggif/download/omggif-1.0.10.tgz#ddaaf90d4a42f532e9e7cb3a95ecdd47f17c7b19"
  integrity sha1-3ar5DUpC9TLp58s6lezdR/F8exk=

omit.js@^1.0.2:
  version "1.0.2"
  resolved "https://registry.npm.taobao.org/omit.js/download/omit.js-1.0.2.tgz#91a14f0eba84066dfa015bf30e474c47f30bc858"
  integrity sha1-kaFPDrqEBm36AVvzDkdMR/MLyFg=
  dependencies:
    babel-runtime "^6.23.0"

parse-data-uri@^0.2.0:
  version "0.2.0"
  resolved "https://registry.npm.taobao.org/parse-data-uri/download/parse-data-uri-0.2.0.tgz#bf04d851dd5c87b0ab238e5d01ace494b604b4c9"
  integrity sha1-vwTYUd1ch7CrI45dAazklLYEtMk=
  dependencies:
    data-uri-to-buffer "0.0.3"

performance-now@^2.1.0:
  version "2.1.0"
  resolved "https://registry.npm.taobao.org/performance-now/download/performance-now-2.1.0.tgz#6309f4e0e5fa913ec1c69307ae364b4b377c9e7b"
  integrity sha1-Ywn04OX6kT7BxpMHrjZLSzd8nns=

pngjs@^3.3.3:
  version "3.4.0"
  resolved "https://registry.npm.taobao.org/pngjs/download/pngjs-3.4.0.tgz#99ca7d725965fb655814eaf65f38f12bbdbf555f"
  integrity sha1-mcp9clll+2VYFOr2XzjxK72/VV8=

prop-types@15.x, prop-types@^15.5.10, prop-types@^15.5.4, prop-types@^15.5.6, prop-types@^15.5.7, prop-types@^15.5.8, prop-types@^15.5.9, prop-types@^15.6.0, prop-types@^15.7.2:
  version "15.7.2"
  resolved "https://registry.npm.taobao.org/prop-types/download/prop-types-15.7.2.tgz?cache=0&sync_timestamp=1580303049679&other_urls=https%3A%2F%2Fregistry.npm.taobao.org%2Fprop-types%2Fdownload%2Fprop-types-15.7.2.tgz#52c41e75b8c87e72b9d9360e0206b99dcbffa6c5"
  integrity sha1-UsQedbjIfnK52TYOAga5ncv/psU=
  dependencies:
    loose-envify "^1.4.0"
    object-assign "^4.1.1"
    react-is "^16.8.1"

psl@^1.1.28:
  version "1.7.0"
  resolved "https://registry.npm.taobao.org/psl/download/psl-1.7.0.tgz#f1c4c47a8ef97167dea5d6bbf4816d736e884a3c"
  integrity sha1-8cTEeo75cWfepda79IFtc26ISjw=

punycode@^2.1.0, punycode@^2.1.1:
  version "2.1.1"
  resolved "https://registry.npm.taobao.org/punycode/download/punycode-2.1.1.tgz#b58b010ac40c22c5657616c8d2c2c02c7bf479ec"
  integrity sha1-tYsBCsQMIsVldhbI0sLALHv0eew=

qs@~6.5.2:
  version "6.5.3"
  resolved "https://registry.yarnpkg.com/qs/-/qs-6.5.3.tgz#3aeeffc91967ef6e35c0e488ef46fb296ab76aad"
  integrity sha512-qxXIEh4pCGfHICj1mAJQ2/2XVZkjCDTcEgfoSQxc/fYivUZxTkk7L3bDBJSoNrEzXI17oUO5Dp07ktqE5KzczA==

"quantize@github:lokesh/quantize":
  version "1.2.0"
  resolved "https://codeload.github.com/lokesh/quantize/tar.gz/f572abd2646b5944852535c8a26fdb958a5d7c4b"

raf@^3.4.0, raf@^3.4.1:
  version "3.4.1"
  resolved "https://registry.npm.taobao.org/raf/download/raf-3.4.1.tgz#0742e99a4a6552f445d73e3ee0328af0ff1ede39"
  integrity sha1-B0LpmkplUvRF1z4+4DKK8P8e3jk=
  dependencies:
    performance-now "^2.1.0"

rc-align@^3.0.0-rc.0:
  version "3.0.0-rc.1"
  resolved "https://registry.npm.taobao.org/rc-align/download/rc-align-3.0.0-rc.1.tgz#32d1fac860d12bb85e9b8cafbbdef79f3f537674"
  integrity sha1-MtH6yGDRK7hem4yvu973nz9TdnQ=
  dependencies:
    classnames "2.x"
    dom-align "^1.7.0"
    rc-util "^4.12.0"
    resize-observer-polyfill "^1.5.1"

rc-animate@2.x, rc-animate@^2.10.0, rc-animate@^2.10.1, rc-animate@^2.10.2, rc-animate@^2.9.2, rc-animate@~2.10.2:
  version "2.10.3"
  resolved "https://registry.npm.taobao.org/rc-animate/download/rc-animate-2.10.3.tgz?cache=0&sync_timestamp=1582634113207&other_urls=https%3A%2F%2Fregistry.npm.taobao.org%2Frc-animate%2Fdownload%2Frc-animate-2.10.3.tgz#163d5e29281a4ff82d53ee7918eeeac856b756f9"
  integrity sha1-Fj1eKSgaT/gtU+55GO7qyFa3Vvk=
  dependencies:
    babel-runtime "6.x"
    classnames "^2.2.6"
    css-animation "^1.3.2"
    prop-types "15.x"
    raf "^3.4.0"
    rc-util "^4.15.3"
    react-lifecycles-compat "^3.0.4"

rc-cascader@~1.0.0:
  version "1.0.1"
  resolved "https://registry.npm.taobao.org/rc-cascader/download/rc-cascader-1.0.1.tgz#770de1e1fa7bd559aabd4d59e525819b8bc809b7"
  integrity sha1-dw3h4fp71VmqvU1Z5SWBm4vICbc=
  dependencies:
    array-tree-filter "^2.1.0"
    rc-trigger "^4.0.0"
    rc-util "^4.0.4"
    warning "^4.0.1"

rc-checkbox@~2.1.6:
  version "2.1.8"
  resolved "https://registry.npm.taobao.org/rc-checkbox/download/rc-checkbox-2.1.8.tgz?cache=0&sync_timestamp=1569306901314&other_urls=https%3A%2F%2Fregistry.npm.taobao.org%2Frc-checkbox%2Fdownload%2Frc-checkbox-2.1.8.tgz#eedd9ef9c2f3af5b3b8e5cde5254aa89ad1a880a"
  integrity sha1-7t2e+cLzr1s7jlzeUlSqia0aiAo=
  dependencies:
    babel-runtime "^6.23.0"
    classnames "2.x"
    prop-types "15.x"
    react-lifecycles-compat "^3.0.4"

rc-collapse@~1.11.3:
  version "1.11.8"
  resolved "https://registry.npm.taobao.org/rc-collapse/download/rc-collapse-1.11.8.tgz#66a40089d469519e9424009ab1c927e214041d80"
  integrity sha1-ZqQAidRpUZ6UJACasckn4hQEHYA=
  dependencies:
    classnames "2.x"
    css-animation "1.x"
    prop-types "^15.5.6"
    rc-animate "2.x"
    react-is "^16.7.0"
    react-lifecycles-compat "^3.0.4"
    shallowequal "^1.1.0"

rc-dialog@~7.6.0:
  version "7.6.0"
  resolved "https://registry.npm.taobao.org/rc-dialog/download/rc-dialog-7.6.0.tgz?cache=0&sync_timestamp=1576208141480&other_urls=https%3A%2F%2Fregistry.npm.taobao.org%2Frc-dialog%2Fdownload%2Frc-dialog-7.6.0.tgz#6467b75f5b60038129bf2e1b003b264281949c09"
  integrity sha1-ZGe3X1tgA4Epvy4bADsmQoGUnAk=
  dependencies:
    babel-runtime "6.x"
    rc-animate "2.x"
    rc-util "^4.16.1"

rc-drawer@~3.1.1:
  version "3.1.3"
  resolved "https://registry.npm.taobao.org/rc-drawer/download/rc-drawer-3.1.3.tgz?cache=0&other_urls=https%3A%2F%2Fregistry.npm.taobao.org%2Frc-drawer%2Fdownload%2Frc-drawer-3.1.3.tgz#cbcb04d4c07f0b66f2ece11d847f4a1bd80ea0b7"
  integrity sha1-y8sE1MB/C2by7OEdhH9KG9gOoLc=
  dependencies:
    classnames "^2.2.6"
    rc-util "^4.16.1"
    react-lifecycles-compat "^3.0.4"

rc-dropdown@~3.0.0:
  version "3.0.2"
  resolved "https://registry.npm.taobao.org/rc-dropdown/download/rc-dropdown-3.0.2.tgz?cache=0&sync_timestamp=1583228116398&other_urls=https%3A%2F%2Fregistry.npm.taobao.org%2Frc-dropdown%2Fdownload%2Frc-dropdown-3.0.2.tgz#e486b67f5e8e8b9e326426d5a80254621453d66a"
  integrity sha1-5Ia2f16Oi54yZCbVqAJUYhRT1mo=
  dependencies:
    babel-runtime "^6.26.0"
    classnames "^2.2.6"
    rc-trigger "^4.0.0"

rc-field-form@~1.0.0:
  version "1.0.1"
  resolved "https://registry.npm.taobao.org/rc-field-form/download/rc-field-form-1.0.1.tgz?cache=0&sync_timestamp=1583241105058&other_urls=https%3A%2F%2Fregistry.npm.taobao.org%2Frc-field-form%2Fdownload%2Frc-field-form-1.0.1.tgz#b7517363acbcb8cc67cf8edfe4674c2cd88e4f5d"
  integrity sha1-t1FzY6y8uMxnz47f5GdMLNiOT10=
  dependencies:
    "@babel/runtime" "^7.8.4"
    async-validator "^3.0.3"
    rc-util "^4.17.0"
    warning "^4.0.3"

rc-hammerjs@~0.6.0:
  version "0.6.9"
  resolved "https://registry.npm.taobao.org/rc-hammerjs/download/rc-hammerjs-0.6.9.tgz#9a4ddbda1b2ec8f9b9596091a6a989842a243907"
  integrity sha1-mk3b2hsuyPm5WWCRpqmJhCokOQc=
  dependencies:
    babel-runtime "6.x"
    hammerjs "^2.0.8"
    prop-types "^15.5.9"

rc-input-number@~4.5.4:
  version "4.5.6"
  resolved "https://registry.npm.taobao.org/rc-input-number/download/rc-input-number-4.5.6.tgz#0d52762b0ac39432256e2c6c5c836102f9797c46"
  integrity sha1-DVJ2KwrDlDIlbixsXINhAvl5fEY=
  dependencies:
    babel-runtime "6.x"
    classnames "^2.2.0"
    prop-types "^15.5.7"
    rc-util "^4.5.1"
    rmc-feedback "^2.0.0"

rc-mentions@~1.0.0:
  version "1.0.1"
  resolved "https://registry.npm.taobao.org/rc-mentions/download/rc-mentions-1.0.1.tgz?cache=0&sync_timestamp=1582778748028&other_urls=https%3A%2F%2Fregistry.npm.taobao.org%2Frc-mentions%2Fdownload%2Frc-mentions-1.0.1.tgz#4a82b5011ccd3f0008f69f3b2e29ab8c0d91b17f"
  integrity sha1-SoK1ARzNPwAI9p87LimrjA2RsX8=
  dependencies:
    classnames "^2.2.6"
    rc-menu "^8.0.1"
    rc-trigger "^4.0.0"
    rc-util "^4.6.0"

rc-menu@^8.0.1, rc-menu@~8.0.1:
  version "8.0.2"
  resolved "https://registry.npm.taobao.org/rc-menu/download/rc-menu-8.0.2.tgz#ce8dacad615c4cadb47c018be3a0791248b04d14"
  integrity sha1-zo2srWFcTK20fAGL46B5EkiwTRQ=
  dependencies:
    classnames "2.x"
    mini-store "^2.0.0"
    rc-animate "^2.10.1"
    rc-trigger "^4.0.0"
    rc-util "^4.13.0"
    resize-observer-polyfill "^1.5.0"
    scroll-into-view-if-needed "^2.2.20"
    shallowequal "^1.1.0"

rc-notification@~4.0.0:
  version "4.0.0"
  resolved "https://registry.npm.taobao.org/rc-notification/download/rc-notification-4.0.0.tgz#ffe59783d6738003972dde8b9658f1acd469cd2c"
  integrity sha1-/+WXg9ZzgAOXLd6LlljxrNRpzSw=
  dependencies:
    classnames "2.x"
    rc-animate "2.x"
    rc-util "^4.0.4"

rc-pagination@~2.0.1:
  version "2.0.1"
  resolved "https://registry.npm.taobao.org/rc-pagination/download/rc-pagination-2.0.1.tgz#40deddb43173d951e2449c7d3f9951890f477ba1"
  integrity sha1-QN7dtDFz2VHiRJx9P5lRiQ9He6E=
  dependencies:
    classnames "^2.2.1"

rc-picker@~1.1.0:
  version "1.1.4"
  resolved "https://registry.npm.taobao.org/rc-picker/download/rc-picker-1.1.4.tgz?cache=0&other_urls=https%3A%2F%2Fregistry.npm.taobao.org%2Frc-picker%2Fdownload%2Frc-picker-1.1.4.tgz#088d3ad6f1d10414ec2d60f70735c749dc2825d9"
  integrity sha1-CI061vHRBBTsLWD3BzXHSdwoJdk=
  dependencies:
    classnames "^2.2.1"
    moment "^2.24.0"
    rc-trigger "^4.0.0"
    rc-util "^4.17.0"
    shallowequal "^1.1.0"

rc-progress@~2.5.0:
  version "2.5.2"
  resolved "https://registry.npm.taobao.org/rc-progress/download/rc-progress-2.5.2.tgz#ab01ba4e5d2fa36fc9f6f058b10b720e7315560c"
  integrity sha1-qwG6Tl0vo2/J9vBYsQtyDnMVVgw=
  dependencies:
    babel-runtime "6.x"
    prop-types "^15.5.8"

rc-rate@~2.5.1:
  version "2.5.1"
  resolved "https://registry.npm.taobao.org/rc-rate/download/rc-rate-2.5.1.tgz#55fc5fd23ea9dcc72250b9a889803479f4842961"
  integrity sha1-Vfxf0j6p3MciULmoiYA0efSEKWE=
  dependencies:
    classnames "^2.2.5"
    prop-types "^15.5.8"
    rc-util "^4.3.0"
    react-lifecycles-compat "^3.0.4"

rc-resize-observer@^0.1.0, rc-resize-observer@^0.1.2:
  version "0.1.3"
  resolved "https://registry.npm.taobao.org/rc-resize-observer/download/rc-resize-observer-0.1.3.tgz#097191f9c3ab186ed907b553ba6ef565df11c249"
  integrity sha1-CXGR+cOrGG7ZB7VTum71Zd8Rwkk=
  dependencies:
    classnames "^2.2.1"
    rc-util "^4.13.0"
    resize-observer-polyfill "^1.5.1"

rc-select@^10.0.0:
  version "10.1.0"
  resolved "https://registry.npm.taobao.org/rc-select/download/rc-select-10.1.0.tgz?cache=0&sync_timestamp=1583510847115&other_urls=https%3A%2F%2Fregistry.npm.taobao.org%2Frc-select%2Fdownload%2Frc-select-10.1.0.tgz#6b251ec6d7497170f18460c0d478876a74586e3f"
  integrity sha1-ayUextdJcXDxhGDA1HiHanRYbj8=
  dependencies:
    classnames "2.x"
    rc-animate "^2.10.0"
    rc-trigger "^4.0.0"
    rc-util "^4.20.0"
    rc-virtual-list "^1.1.0"
    warning "^4.0.3"

rc-select@~10.0.0:
  version "10.0.3"
  resolved "https://registry.npm.taobao.org/rc-select/download/rc-select-10.0.3.tgz?cache=0&sync_timestamp=1583510847115&other_urls=https%3A%2F%2Fregistry.npm.taobao.org%2Frc-select%2Fdownload%2Frc-select-10.0.3.tgz#7f0074a5caa2ff70613f8941150fc70ad85abe5a"
  integrity sha1-fwB0pcqi/3BhP4lBFQ/HCthavlo=
  dependencies:
    classnames "2.x"
    rc-animate "^2.10.0"
    rc-trigger "^4.0.0"
    rc-util "^4.20.0"
    rc-virtual-list "^1.0.0"
    warning "^4.0.3"

rc-slider@~9.2.1:
  version "9.2.2"
  resolved "https://registry.npm.taobao.org/rc-slider/download/rc-slider-9.2.2.tgz#852ed38abda337b98aed5ada2090538d98446cc2"
  integrity sha1-hS7Tir2jN7mK7VraIJBTjZhEbMI=
  dependencies:
    babel-runtime "6.x"
    classnames "^2.2.5"
    prop-types "^15.5.4"
    rc-tooltip "^4.0.0"
    rc-util "^4.0.4"
    shallowequal "^1.1.0"
    warning "^4.0.3"

rc-steps@~3.5.0:
  version "3.5.0"
  resolved "https://registry.npm.taobao.org/rc-steps/download/rc-steps-3.5.0.tgz#36b2a7f1f49907b0d90363884b18623caf9fb600"
  integrity sha1-NrKn8fSZB7DZA2OISxhiPK+ftgA=
  dependencies:
    babel-runtime "^6.23.0"
    classnames "^2.2.3"
    lodash "^4.17.5"
    prop-types "^15.5.7"

rc-switch@~1.9.0:
  version "1.9.0"
  resolved "https://registry.npm.taobao.org/rc-switch/download/rc-switch-1.9.0.tgz#ab2b878f2713c681358a453391976c9b95b290f7"
  integrity sha1-qyuHjycTxoE1ikUzkZdsm5WykPc=
  dependencies:
    classnames "^2.2.1"
    prop-types "^15.5.6"
    react-lifecycles-compat "^3.0.4"

rc-table@~7.1.0:
  version "7.1.2"
  resolved "https://registry.npm.taobao.org/rc-table/download/rc-table-7.1.2.tgz?cache=0&sync_timestamp=1583572709680&other_urls=https%3A%2F%2Fregistry.npm.taobao.org%2Frc-table%2Fdownload%2Frc-table-7.1.2.tgz#ffd24afbdf0875de5a0381cf8e3d61c6ed450390"
  integrity sha1-/9JK+98Idd5aA4HPjj1hxu1FA5A=
  dependencies:
    classnames "^2.2.5"
    component-classes "^1.2.6"
    lodash "^4.17.5"
    mini-store "^2.0.0"
    prop-types "^15.5.8"
    raf "^3.4.1"
    rc-resize-observer "^0.1.2"
    rc-util "^4.19.0"
    react-lifecycles-compat "^3.0.2"
    shallowequal "^1.1.0"

rc-tabs@~10.0.0:
  version "10.0.0"
  resolved "https://registry.npm.taobao.org/rc-tabs/download/rc-tabs-10.0.0.tgz?cache=0&sync_timestamp=1582728391597&other_urls=https%3A%2F%2Fregistry.npm.taobao.org%2Frc-tabs%2Fdownload%2Frc-tabs-10.0.0.tgz#4db516a66bc731c9a24b44407231262103f6da76"
  integrity sha1-TbUWpmvHMcmiS0RAcjEmIQP22nY=
  dependencies:
    babel-runtime "6.x"
    classnames "2.x"
    lodash "^4.17.5"
    prop-types "15.x"
    raf "^3.4.1"
    rc-hammerjs "~0.6.0"
    rc-util "^4.0.4"
    resize-observer-polyfill "^1.5.1"
    warning "^4.0.3"

rc-tooltip@^4.0.0, rc-tooltip@~4.0.0:
  version "4.0.1"
  resolved "https://registry.npm.taobao.org/rc-tooltip/download/rc-tooltip-4.0.1.tgz?cache=0&sync_timestamp=1582782349026&other_urls=https%3A%2F%2Fregistry.npm.taobao.org%2Frc-tooltip%2Fdownload%2Frc-tooltip-4.0.1.tgz#e7a800571c5661f80dfd411c13a1dabaa9646d3a"
  integrity sha1-56gAVxxWYfgN/UEcE6HauqlkbTo=
  dependencies:
    rc-trigger "^4.0.0"

rc-tree-select@~3.0.0:
  version "3.0.2"
  resolved "https://registry.npm.taobao.org/rc-tree-select/download/rc-tree-select-3.0.2.tgz?cache=0&other_urls=https%3A%2F%2Fregistry.npm.taobao.org%2Frc-tree-select%2Fdownload%2Frc-tree-select-3.0.2.tgz#a24f26790a06bdc54855b691e289341b44d4343f"
  integrity sha1-ok8meQoGvcVIVbaR4ok0G0TUND8=
  dependencies:
    classnames "2.x"
    rc-select "^10.0.0"
    rc-tree "^3.0.0"
    rc-util "^4.17.0"

rc-tree@^3.0.0:
  version "3.1.0"
  resolved "https://registry.npm.taobao.org/rc-tree/download/rc-tree-3.1.0.tgz?cache=0&sync_timestamp=1583514307507&other_urls=https%3A%2F%2Fregistry.npm.taobao.org%2Frc-tree%2Fdownload%2Frc-tree-3.1.0.tgz#8545f60a1775bbc660a56891d0eb7d5b100de6d1"
  integrity sha1-hUX2Chd1u8ZgpWiR0Ot9WxAN5tE=
  dependencies:
    classnames "2.x"
    prop-types "^15.5.8"
    rc-animate "^2.9.2"
    rc-util "^4.11.0"
    rc-virtual-list "^1.1.0"
    react-lifecycles-compat "^3.0.4"

rc-tree@~3.0.0:
  version "3.0.2"
  resolved "https://registry.npm.taobao.org/rc-tree/download/rc-tree-3.0.2.tgz?cache=0&sync_timestamp=1583514307507&other_urls=https%3A%2F%2Fregistry.npm.taobao.org%2Frc-tree%2Fdownload%2Frc-tree-3.0.2.tgz#2b71318a0ad0c5f569eae51d9c512fdccb67dd29"
  integrity sha1-K3ExigrQxfVp6uUdnFEv3Mtn3Sk=
  dependencies:
    classnames "2.x"
    prop-types "^15.5.8"
    rc-animate "^2.9.2"
    rc-util "^4.11.0"
    rc-virtual-list "^1.0.0"
    react-lifecycles-compat "^3.0.4"

rc-trigger@^4.0.0, rc-trigger@~4.0.0:
  version "4.0.2"
  resolved "https://registry.npm.taobao.org/rc-trigger/download/rc-trigger-4.0.2.tgz#42fe7bdb6a5b34035e20fa9ebfad69ec948b56be"
  integrity sha1-Qv5722pbNANeIPqev61p7JSLVr4=
  dependencies:
    classnames "^2.2.6"
    prop-types "15.x"
    raf "^3.4.1"
    rc-align "^3.0.0-rc.0"
    rc-animate "^2.10.2"
    rc-util "^4.20.0"

rc-upload@~3.0.0:
  version "3.0.0"
  resolved "https://registry.npm.taobao.org/rc-upload/download/rc-upload-3.0.0.tgz#1365a77405b2df82749e55bcc475ee0de9424370"
  integrity sha1-E2WndAWy34J0nlW8xHXuDelCQ3A=
  dependencies:
    babel-runtime "6.x"
    classnames "^2.2.5"

rc-util@^4.0.4, rc-util@^4.11.0, rc-util@^4.12.0, rc-util@^4.13.0, rc-util@^4.15.3, rc-util@^4.16.1, rc-util@^4.17.0, rc-util@^4.19.0, rc-util@^4.20.0, rc-util@^4.3.0, rc-util@^4.5.1, rc-util@^4.6.0, rc-util@^4.8.0, rc-util@^4.9.0:
  version "4.20.0"
  resolved "https://registry.npm.taobao.org/rc-util/download/rc-util-4.20.0.tgz#fb601c59bb48cbee38538e0d5b628addda6a8c30"
  integrity sha1-+2AcWbtIy+44U44NW2KK3dpqjDA=
  dependencies:
    add-dom-event-listener "^1.1.0"
    babel-runtime "6.x"
    prop-types "^15.5.10"
    react-is "^16.12.0"
    react-lifecycles-compat "^3.0.4"
    shallowequal "^1.1.0"

rc-virtual-list@^1.0.0, rc-virtual-list@^1.1.0:
  version "1.1.0"
  resolved "https://registry.npm.taobao.org/rc-virtual-list/download/rc-virtual-list-1.1.0.tgz#1563a1b3dc91cebaede06e08827587a8a76b01bf"
  integrity sha1-FWOhs9yRzrrt4G4IgnWHqKdrAb8=
  dependencies:
    classnames "^2.2.6"
    rc-util "^4.8.0"

rc-virtual-list@~1.0.0:
  version "1.0.1"
  resolved "https://registry.npm.taobao.org/rc-virtual-list/download/rc-virtual-list-1.0.1.tgz#10bc05daed95198be8b03c6e47e82f66c980c9a2"
  integrity sha1-ELwF2u2VGYvosDxuR+gvZsmAyaI=
  dependencies:
    classnames "^2.2.6"
    rc-util "^4.8.0"

react-is@^16.12.0, react-is@^16.7.0, react-is@^16.8.1:
  version "16.13.0"
  resolved "https://registry.npm.taobao.org/react-is/download/react-is-16.13.0.tgz#0f37c3613c34fe6b37cd7f763a0d6293ab15c527"
  integrity sha1-DzfDYTw0/ms3zX92Og1ik6sVxSc=

react-lifecycles-compat@^3.0.2, react-lifecycles-compat@^3.0.4:
  version "3.0.4"
  resolved "https://registry.npm.taobao.org/react-lifecycles-compat/download/react-lifecycles-compat-3.0.4.tgz#4f1a273afdfc8f3488a8c516bfda78f872352362"
  integrity sha1-TxonOv38jzSIqMUWv9p4+HI1I2I=

regenerator-runtime@^0.11.0:
  version "0.11.1"
  resolved "https://registry.npm.taobao.org/regenerator-runtime/download/regenerator-runtime-0.11.1.tgz#be05ad7f9bf7d22e056f9726cee5017fbf19e2e9"
  integrity sha1-vgWtf5v30i4Fb5cmzuUBf78Z4uk=

regenerator-runtime@^0.13.4:
  version "0.13.4"
  resolved "https://registry.npm.taobao.org/regenerator-runtime/download/regenerator-runtime-0.13.4.tgz#e96bf612a3362d12bb69f7e8f74ffeab25c7ac91"
  integrity sha1-6Wv2EqM2LRK7affo90/+qyXHrJE=

request@^2.44.0:
  version "2.88.2"
  resolved "https://registry.npm.taobao.org/request/download/request-2.88.2.tgz?cache=0&sync_timestamp=1581439006948&other_urls=https%3A%2F%2Fregistry.npm.taobao.org%2Frequest%2Fdownload%2Frequest-2.88.2.tgz#d73c918731cb5a87da047e207234146f664d12b3"
  integrity sha1-1zyRhzHLWofaBH4gcjQUb2ZNErM=
  dependencies:
    aws-sign2 "~0.7.0"
    aws4 "^1.8.0"
    caseless "~0.12.0"
    combined-stream "~1.0.6"
    extend "~3.0.2"
    forever-agent "~0.6.1"
    form-data "~2.3.2"
    har-validator "~5.1.3"
    http-signature "~1.2.0"
    is-typedarray "~1.0.0"
    isstream "~0.1.2"
    json-stringify-safe "~5.0.1"
    mime-types "~2.1.19"
    oauth-sign "~0.9.0"
    performance-now "^2.1.0"
    qs "~6.5.2"
    safe-buffer "^5.1.2"
    tough-cookie "~2.5.0"
    tunnel-agent "^0.6.0"
    uuid "^3.3.2"

resize-observer-polyfill@^1.5.0, resize-observer-polyfill@^1.5.1:
  version "1.5.1"
  resolved "https://registry.npm.taobao.org/resize-observer-polyfill/download/resize-observer-polyfill-1.5.1.tgz#0e9020dd3d21024458d4ebd27e23e40269810464"
  integrity sha1-DpAg3T0hAkRY1OvSfiPkAmmBBGQ=

rmc-feedback@^2.0.0:
  version "2.0.0"
  resolved "https://registry.npm.taobao.org/rmc-feedback/download/rmc-feedback-2.0.0.tgz#cbc6cb3ae63c7a635eef0e25e4fbaf5ac366eeaa"
  integrity sha1-y8bLOuY8emNe7w4l5PuvWsNm7qo=
  dependencies:
    babel-runtime "6.x"
    classnames "^2.2.5"

safe-buffer@^5.0.1, safe-buffer@^5.1.2:
  version "5.2.0"
  resolved "https://registry.npm.taobao.org/safe-buffer/download/safe-buffer-5.2.0.tgz#b74daec49b1148f88c64b68d49b1e815c1f2f519"
  integrity sha1-t02uxJsRSPiMZLaNSbHoFcHy9Rk=

safer-buffer@^2.0.2, safer-buffer@^2.1.0, safer-buffer@~2.1.0:
  version "2.1.2"
  resolved "https://registry.npm.taobao.org/safer-buffer/download/safer-buffer-2.1.2.tgz#44fa161b0187b9549dd84bb91802f9bd8385cd6a"
  integrity sha1-RPoWGwGHuVSd2Eu5GAL5vYOFzWo=

scroll-into-view-if-needed@^2.2.20:
  version "2.2.24"
  resolved "https://registry.npm.taobao.org/scroll-into-view-if-needed/download/scroll-into-view-if-needed-2.2.24.tgz#12bca532990769bd509115a49edcfa755e92a0ea"
  integrity sha1-ErylMpkHab1QkRWkntz6dV6SoOo=
  dependencies:
    compute-scroll-into-view "^1.0.13"

shallowequal@^1.0.2, shallowequal@^1.1.0:
  version "1.1.0"
  resolved "https://registry.npm.taobao.org/shallowequal/download/shallowequal-1.1.0.tgz#188d521de95b9087404fd4dcb68b13df0ae4e7f8"
  integrity sha1-GI1SHelbkIdAT9TctosT3wrk5/g=

sshpk@^1.7.0:
  version "1.16.1"
  resolved "https://registry.npm.taobao.org/sshpk/download/sshpk-1.16.1.tgz#fb661c0bef29b39db40769ee39fa70093d6f6877"
  integrity sha1-+2YcC+8ps520B2nuOfpwCT1vaHc=
  dependencies:
    asn1 "~0.2.3"
    assert-plus "^1.0.0"
    bcrypt-pbkdf "^1.0.0"
    dashdash "^1.12.0"
    ecc-jsbn "~0.1.1"
    getpass "^0.1.1"
    jsbn "~0.1.0"
    safer-buffer "^2.0.2"
    tweetnacl "~0.14.0"

string-convert@^0.2.0:
  version "0.2.1"
  resolved "https://registry.npm.taobao.org/string-convert/download/string-convert-0.2.1.tgz#6982cc3049fbb4cd85f8b24568b9d9bf39eeff97"
  integrity sha1-aYLMMEn7tM2F+LJFaLnZvznu/5c=

through@^2.3.4:
  version "2.3.8"
  resolved "https://registry.npm.taobao.org/through/download/through-2.3.8.tgz#0dd4c9ffaabc357960b1b724115d7e0e86a2e1f5"
  integrity sha1-DdTJ/6q8NXlgsbckEV1+Doai4fU=

tinycolor2@^1.4.1:
  version "1.4.1"
  resolved "https://registry.npm.taobao.org/tinycolor2/download/tinycolor2-1.4.1.tgz#f4fad333447bc0b07d4dc8e9209d8f39a8ac77e8"
  integrity sha1-9PrTM0R7wLB9TcjpIJ2POaisd+g=

toggle-selection@^1.0.6:
  version "1.0.6"
  resolved "https://registry.npm.taobao.org/toggle-selection/download/toggle-selection-1.0.6.tgz#6e45b1263f2017fa0acc7d89d78b15b8bf77da32"
  integrity sha1-bkWxJj8gF/oKzH2J14sVuL932jI=

tough-cookie@~2.5.0:
  version "2.5.0"
  resolved "https://registry.npm.taobao.org/tough-cookie/download/tough-cookie-2.5.0.tgz#cd9fb2a0aa1d5a12b473bd9fb96fa3dcff65ade2"
  integrity sha1-zZ+yoKodWhK0c72fuW+j3P9lreI=
  dependencies:
    psl "^1.1.28"
    punycode "^2.1.1"

tunnel-agent@^0.6.0:
  version "0.6.0"
  resolved "https://registry.npm.taobao.org/tunnel-agent/download/tunnel-agent-0.6.0.tgz#27a5dea06b36b04a0a9966774b290868f0fc40fd"
  integrity sha1-J6XeoGs2sEoKmWZ3SykIaPD8QP0=
  dependencies:
    safe-buffer "^5.0.1"

tweetnacl@^0.14.3, tweetnacl@~0.14.0:
  version "0.14.5"
  resolved "https://registry.npm.taobao.org/tweetnacl/download/tweetnacl-0.14.5.tgz?cache=0&sync_timestamp=1581364304221&other_urls=https%3A%2F%2Fregistry.npm.taobao.org%2Ftweetnacl%2Fdownload%2Ftweetnacl-0.14.5.tgz#5ae68177f192d4456269d108afa93ff8743f4f64"
  integrity sha1-WuaBd/GS1EViadEIr6k/+HQ/T2Q=

uniq@^1.0.0:
  version "1.0.1"
  resolved "https://registry.npm.taobao.org/uniq/download/uniq-1.0.1.tgz#b31c5ae8254844a3a8281541ce2b04b865a734ff"
  integrity sha1-sxxa6CVIRKOoKBVBzisEuGWnNP8=

uri-js@^4.2.2:
  version "4.2.2"
  resolved "https://registry.npm.taobao.org/uri-js/download/uri-js-4.2.2.tgz#94c540e1ff772956e2299507c010aea6c8838eb0"
  integrity sha1-lMVA4f93KVbiKZUHwBCupsiDjrA=
  dependencies:
    punycode "^2.1.0"

uuid@^3.3.2:
  version "3.4.0"
  resolved "https://registry.npm.taobao.org/uuid/download/uuid-3.4.0.tgz#b23e4358afa8a202fe7a100af1f5f883f02007ee"
  integrity sha1-sj5DWK+oogL+ehAK8fX4g/AgB+4=

verror@1.10.0:
  version "1.10.0"
  resolved "https://registry.npm.taobao.org/verror/download/verror-1.10.0.tgz#3a105ca17053af55d6e270c1f8288682e18da400"
  integrity sha1-OhBcoXBTr1XW4nDB+CiGguGNpAA=
  dependencies:
    assert-plus "^1.0.0"
    core-util-is "1.0.2"
    extsprintf "^1.2.0"

warning@^4.0.1, warning@^4.0.3, warning@~4.0.3:
  version "4.0.3"
  resolved "https://registry.npm.taobao.org/warning/download/warning-4.0.3.tgz#16e9e077eb8a86d6af7d64aa1e05fd85b4678ca3"
  integrity sha1-Fungd+uKhtavfWSqHgX9hbRnjKM=
  dependencies:
    loose-envify "^1.0.0"
